
Microsoft Visual Studio Solution File, Format Version 12.00
# Visual Studio Version 17
VisualStudioVersion = 17.4.33103.184
MinimumVisualStudioVersion = 10.0.40219.1
Project("{FAE04EC0-301F-11D3-BF4B-00C04F79EFBC}") = "TravelAgency", "TravelAgency\TravelAgency.csproj", "{76B6EA3D-BEFD-4708-A26D-CB0596E92CE4}"
EndProject
Project("{FAE04EC0-301F-11D3-BF4B-00C04F79EFBC}") = "TravelAgency.Tests", "TravelAgency.Tests\TravelAgency.Tests.csproj", "{1477DAF7-9CC8-40F7-8AAC-D04316B50BC6}"
EndProject
Global
	GlobalSection(SolutionConfigurationPlatforms) = preSolution
		Debug|Any CPU = Debug|Any CPU
		Release|Any CPU = Release|Any CPU
	EndGlobalSection
	GlobalSection(ProjectConfigurationPlatforms) = postSolution
		{76B6EA3D-BEFD-4708-A26D-CB0596E92CE4}.Debug|Any CPU.ActiveCfg = Debug|Any CPU
		{76B6EA3D-BEFD-4708-A26D-CB0596E92CE4}.Debug|Any CPU.Build.0 = Debug|Any CPU
		{76B6EA3D-BEFD-4708-A26D-CB0596E92CE4}.Release|Any CPU.ActiveCfg = Release|Any CPU
		{76B6EA3D-BEFD-4708-A26D-CB0596E92CE4}.Release|Any CPU.Build.0 = Release|Any CPU
		{1477DAF7-9CC8-40F7-8AAC-D04316B50BC6}.Debug|Any CPU.ActiveCfg = Debug|Any CPU
		{1477DAF7-9CC8-40F7-8AAC-D04316B50BC6}.Debug|Any CPU.Build.0 = Debug|Any CPU
		{1477DAF7-9CC8-40F7-8AAC-D04316B50BC6}.Release|Any CPU.ActiveCfg = Release|Any CPU
		{1477DAF7-9CC8-40F7-8AAC-D04316B50BC6}.Release|Any CPU.Build.0 = Release|Any CPU
	EndGlobalSection
	GlobalSection(SolutionProperties) = preSolution
		HideSolutionNode = FALSE
	EndGlobalSection
	GlobalSection(ExtensibilityGlobals) = postSolution
		SolutionGuid = {F3B07D31-1749-4EC3-B006-B6426B2D12DA}
	EndGlobalSection
EndGlobal
